
Microsoft Visual Studio Solution File, Format Version 12.00
# Visual Studio 14
VisualStudioVersion = 14.0.25420.1
MinimumVisualStudioVersion = 10.0.40219.1
Project("{FAE04EC0-301F-11D3-BF4B-00C04F79EFBC}") = "DataStruturesImplementations", "DataStrutureImplementations\DataStruturesImplementations.csproj", "{A82F759D-C6F6-4FE3-8F37-B6ACAD9B87D0}"
EndProject
Project("{FAE04EC0-301F-11D3-BF4B-00C04F79EFBC}") = "UnitTestProject", "UnitTestProject\UnitTestProject.csproj", "{1F4B0523-B075-4772-B52A-27006CD3AC6A}"
EndProject
Global
	GlobalSection(SolutionConfigurationPlatforms) = preSolution
		Debug|Any CPU = Debug|Any CPU
		Release|Any CPU = Release|Any CPU
	EndGlobalSection
	GlobalSection(ProjectConfigurationPlatforms) = postSolution
		{A82F759D-C6F6-4FE3-8F37-B6ACAD9B87D0}.Debug|Any CPU.ActiveCfg = Debug|Any CPU
		{A82F759D-C6F6-4FE3-8F37-B6ACAD9B87D0}.Debug|Any CPU.Build.0 = Debug|Any CPU
		{A82F759D-C6F6-4FE3-8F37-B6ACAD9B87D0}.Release|Any CPU.ActiveCfg = Release|Any CPU
		{A82F759D-C6F6-4FE3-8F37-B6ACAD9B87D0}.Release|Any CPU.Build.0 = Release|Any CPU
		{1F4B0523-B075-4772-B52A-27006CD3AC6A}.Debug|Any CPU.ActiveCfg = Debug|Any CPU
		{1F4B0523-B075-4772-B52A-27006CD3AC6A}.Debug|Any CPU.Build.0 = Debug|Any CPU
		{1F4B0523-B075-4772-B52A-27006CD3AC6A}.Release|Any CPU.ActiveCfg = Release|Any CPU
		{1F4B0523-B075-4772-B52A-27006CD3AC6A}.Release|Any CPU.Build.0 = Release|Any CPU
	EndGlobalSection
	GlobalSection(SolutionProperties) = preSolution
		HideSolutionNode = FALSE
	EndGlobalSection
EndGlobal
