
Microsoft Visual Studio Solution File, Format Version 12.00
# Visual Studio 14
VisualStudioVersion = 14.0.25420.1
MinimumVisualStudioVersion = 10.0.40219.1
Project("{FAE04EC0-301F-11D3-BF4B-00C04F79EFBC}") = "Problems_46_through_50", "Problems_46_through_50\Problems_46_through_50.csproj", "{1F93F078-E446-42EB-804C-CB4C0C1CDB84}"
EndProject
Global
	GlobalSection(SolutionConfigurationPlatforms) = preSolution
		Debug|Any CPU = Debug|Any CPU
		Release|Any CPU = Release|Any CPU
	EndGlobalSection
	GlobalSection(ProjectConfigurationPlatforms) = postSolution
		{1F93F078-E446-42EB-804C-CB4C0C1CDB84}.Debug|Any CPU.ActiveCfg = Debug|Any CPU
		{1F93F078-E446-42EB-804C-CB4C0C1CDB84}.Debug|Any CPU.Build.0 = Debug|Any CPU
		{1F93F078-E446-42EB-804C-CB4C0C1CDB84}.Release|Any CPU.ActiveCfg = Release|Any CPU
		{1F93F078-E446-42EB-804C-CB4C0C1CDB84}.Release|Any CPU.Build.0 = Release|Any CPU
	EndGlobalSection
	GlobalSection(SolutionProperties) = preSolution
		HideSolutionNode = FALSE
	EndGlobalSection
EndGlobal
